
Microsoft Visual Studio Solution File, Format Version 12.00
# Visual Studio Version 17
VisualStudioVersion = 17.9.34622.214
MinimumVisualStudioVersion = 10.0.40219.1
Project("{FAE04EC0-301F-11D3-BF4B-00C04F79EFBC}") = "CSharpDers2WepApi", "CSharpDers2WepApi\CSharpDers2WepApi.csproj", "{B79C1B0F-24B1-4B9A-9673-81E9ECD5EA2C}"
EndProject
Project("{FAE04EC0-301F-11D3-BF4B-00C04F79EFBC}") = "Business", "Business\Business.csproj", "{171630CB-01DF-47B9-BDC4-37CD5A8D4470}"
EndProject
Project("{FAE04EC0-301F-11D3-BF4B-00C04F79EFBC}") = "DataAccess", "DataAccess\DataAccess.csproj", "{284E031F-0A06-4457-AF50-A1954C71DDA4}"
EndProject
Project("{FAE04EC0-301F-11D3-BF4B-00C04F79EFBC}") = "Entities", "Entities\Entities.csproj", "{41996983-E96F-413E-9019-D717460399D2}"
EndProject
Project("{FAE04EC0-301F-11D3-BF4B-00C04F79EFBC}") = "Core", "Core\Core.csproj", "{62851796-02FC-4450-B507-DB17988B6C23}"
EndProject
Global
	GlobalSection(SolutionConfigurationPlatforms) = preSolution
		Debug|Any CPU = Debug|Any CPU
		Release|Any CPU = Release|Any CPU
	EndGlobalSection
	GlobalSection(ProjectConfigurationPlatforms) = postSolution
		{B79C1B0F-24B1-4B9A-9673-81E9ECD5EA2C}.Debug|Any CPU.ActiveCfg = Debug|Any CPU
		{B79C1B0F-24B1-4B9A-9673-81E9ECD5EA2C}.Debug|Any CPU.Build.0 = Debug|Any CPU
		{B79C1B0F-24B1-4B9A-9673-81E9ECD5EA2C}.Release|Any CPU.ActiveCfg = Release|Any CPU
		{B79C1B0F-24B1-4B9A-9673-81E9ECD5EA2C}.Release|Any CPU.Build.0 = Release|Any CPU
		{171630CB-01DF-47B9-BDC4-37CD5A8D4470}.Debug|Any CPU.ActiveCfg = Debug|Any CPU
		{171630CB-01DF-47B9-BDC4-37CD5A8D4470}.Debug|Any CPU.Build.0 = Debug|Any CPU
		{171630CB-01DF-47B9-BDC4-37CD5A8D4470}.Release|Any CPU.ActiveCfg = Release|Any CPU
		{171630CB-01DF-47B9-BDC4-37CD5A8D4470}.Release|Any CPU.Build.0 = Release|Any CPU
		{284E031F-0A06-4457-AF50-A1954C71DDA4}.Debug|Any CPU.ActiveCfg = Debug|Any CPU
		{284E031F-0A06-4457-AF50-A1954C71DDA4}.Debug|Any CPU.Build.0 = Debug|Any CPU
		{284E031F-0A06-4457-AF50-A1954C71DDA4}.Release|Any CPU.ActiveCfg = Release|Any CPU
		{284E031F-0A06-4457-AF50-A1954C71DDA4}.Release|Any CPU.Build.0 = Release|Any CPU
		{41996983-E96F-413E-9019-D717460399D2}.Debug|Any CPU.ActiveCfg = Debug|Any CPU
		{41996983-E96F-413E-9019-D717460399D2}.Debug|Any CPU.Build.0 = Debug|Any CPU
		{41996983-E96F-413E-9019-D717460399D2}.Release|Any CPU.ActiveCfg = Release|Any CPU
		{41996983-E96F-413E-9019-D717460399D2}.Release|Any CPU.Build.0 = Release|Any CPU
		{62851796-02FC-4450-B507-DB17988B6C23}.Debug|Any CPU.ActiveCfg = Debug|Any CPU
		{62851796-02FC-4450-B507-DB17988B6C23}.Debug|Any CPU.Build.0 = Debug|Any CPU
		{62851796-02FC-4450-B507-DB17988B6C23}.Release|Any CPU.ActiveCfg = Release|Any CPU
		{62851796-02FC-4450-B507-DB17988B6C23}.Release|Any CPU.Build.0 = Release|Any CPU
	EndGlobalSection
	GlobalSection(SolutionProperties) = preSolution
		HideSolutionNode = FALSE
	EndGlobalSection
	GlobalSection(ExtensibilityGlobals) = postSolution
		SolutionGuid = {C513F900-1DA7-4D13-8583-C98FB59E884A}
	EndGlobalSection
EndGlobal
